{
  "name": "prettier-hubl-config",
  "lockfileVersion": 3,
  "requires": true,
  "packages": {
    "": {
      "devDependencies": {
        "@hubspot/prettier-plugin-hubl": "^0.2.5",
        "prettier": "^3.6.2"
      }
    },
    "node_modules/@hubspot/prettier-plugin-hubl": {
      "version": "0.2.5",
      "resolved": "https://registry.npmjs.org/@hubspot/prettier-plugin-hubl/-/prettier-plugin-hubl-0.2.5.tgz",
      "integrity": "sha512-V+IPNNqma/N/FuGoDwe7ONqc+NkQ3yaNMZ0FH4Ebn23bNZqoM5OuerEXyNz+dUlMQa+jHmFC2ORHrZmGD7+AUg==",
      "dev": true,
      "license": "Apache-2.0",
      "engines": {
        "node": ">=12"
      },
      "peerDependencies": {
        "prettier": "2.x"
      }
    },
    "node_modules/prettier": {
      "version": "3.6.2",
      "resolved": "https://registry.npmjs.org/prettier/-/prettier-3.6.2.tgz",
      "integrity": "sha512-I7AIg5boAr5R0FFtJ6rCfD+LFsWHp81dolrFD8S79U9tb8Az2nGrJncnMSnys+bpQJfRUzqs9hnA81OAA3hCuQ==",
      "dev": true,
      "license": "MIT",
      "bin": {
        "prettier": "bin/prettier.cjs"
      },
      "engines": {
        "node": ">=14"
      },
      "funding": {
        "url": "https://github.com/prettier/prettier?sponsor=1"
      }
    }
  }
}
